// !$*UTF8*$!
{
	archiveVersion = 1;
	classes = {
	};
	objectVersion = 56;
	objects = {

/* Begin PBXBuildFile section */
		63CFD5E52D535D98004A497F /* AppDelegate.swift in Sources */ = {isa = PBXBuildFile; fileRef = 63CFD5E42D535D98004A497F /* AppDelegate.swift */; };
		63CFD5E72D535D98004A497F /* SceneDelegate.swift in Sources */ = {isa = PBXBuildFile; fileRef = 63CFD5E62D535D98004A497F /* SceneDelegate.swift */; };
		63CFD5E92D535D98004A497F /* MainSearchViewController.swift in Sources */ = {isa = PBXBuildFile; fileRef = 63CFD5E82D535D98004A497F /* MainSearchViewController.swift */; };
		63CFD5EE2D535D9E004A497F /* Assets.xcassets in Resources */ = {isa = PBXBuildFile; fileRef = 63CFD5ED2D535D9E004A497F /* Assets.xcassets */; };
		63CFD5F12D535D9E004A497F /* Base in Resources */ = {isa = PBXBuildFile; fileRef = 63CFD5F02D535D9E004A497F /* Base */; };
		63CFD6022D5364ED004A497F /* AppColors.swift in Sources */ = {isa = PBXBuildFile; fileRef = 63CFD6012D5364ED004A497F /* AppColors.swift */; };
		63CFD6062D536508004A497F /* AppError.swift in Sources */ = {isa = PBXBuildFile; fileRef = 63CFD6052D536508004A497F /* AppError.swift */; };
		63CFD6082D5371F1004A497F /* SuggestionTextField.swift in Sources */ = {isa = PBXBuildFile; fileRef = 63CFD6072D5371F1004A497F /* SuggestionTextField.swift */; };
		63CFD60A2D5385CE004A497F /* Picture.swift in Sources */ = {isa = PBXBuildFile; fileRef = 63CFD6092D5385CE004A497F /* Picture.swift */; };
		63CFD60D2D538ED4004A497F /* NetworkService.swift in Sources */ = {isa = PBXBuildFile; fileRef = 63CFD60C2D538ED4004A497F /* NetworkService.swift */; };
		63CFD6112D538FEE004A497F /* HTTPDataDownloader.swift in Sources */ = {isa = PBXBuildFile; fileRef = 63CFD6102D538FEE004A497F /* HTTPDataDownloader.swift */; };
		63CFD6132D53997B004A497F /* MainSearchPresenter.swift in Sources */ = {isa = PBXBuildFile; fileRef = 63CFD6122D53997B004A497F /* MainSearchPresenter.swift */; };
/* End PBXBuildFile section */

/* Begin PBXFileReference section */
		63CFD5E12D535D98004A497F /* UnsplashPics.app */ = {isa = PBXFileReference; explicitFileType = wrapper.application; includeInIndex = 0; path = UnsplashPics.app; sourceTree = BUILT_PRODUCTS_DIR; };
		63CFD5E42D535D98004A497F /* AppDelegate.swift */ = {isa = PBXFileReference; lastKnownFileType = sourcecode.swift; path = AppDelegate.swift; sourceTree = "<group>"; };
		63CFD5E62D535D98004A497F /* SceneDelegate.swift */ = {isa = PBXFileReference; lastKnownFileType = sourcecode.swift; path = SceneDelegate.swift; sourceTree = "<group>"; };
		63CFD5E82D535D98004A497F /* MainSearchViewController.swift */ = {isa = PBXFileReference; lastKnownFileType = sourcecode.swift; path = MainSearchViewController.swift; sourceTree = "<group>"; };
		63CFD5ED2D535D9E004A497F /* Assets.xcassets */ = {isa = PBXFileReference; lastKnownFileType = folder.assetcatalog; path = Assets.xcassets; sourceTree = "<group>"; };
		63CFD5F02D535D9E004A497F /* Base */ = {isa = PBXFileReference; lastKnownFileType = file.storyboard; name = Base; path = Base.lproj/LaunchScreen.storyboard; sourceTree = "<group>"; };
		63CFD5F22D535D9E004A497F /* Info.plist */ = {isa = PBXFileReference; lastKnownFileType = text.plist.xml; path = Info.plist; sourceTree = "<group>"; };
		63CFD6012D5364ED004A497F /* AppColors.swift */ = {isa = PBXFileReference; lastKnownFileType = sourcecode.swift; path = AppColors.swift; sourceTree = "<group>"; };
		63CFD6052D536508004A497F /* AppError.swift */ = {isa = PBXFileReference; lastKnownFileType = sourcecode.swift; path = AppError.swift; sourceTree = "<group>"; };
		63CFD6072D5371F1004A497F /* SuggestionTextField.swift */ = {isa = PBXFileReference; lastKnownFileType = sourcecode.swift; path = SuggestionTextField.swift; sourceTree = "<group>"; };
		63CFD6092D5385CE004A497F /* Picture.swift */ = {isa = PBXFileReference; lastKnownFileType = sourcecode.swift; path = Picture.swift; sourceTree = "<group>"; };
		63CFD60C2D538ED4004A497F /* NetworkService.swift */ = {isa = PBXFileReference; lastKnownFileType = sourcecode.swift; path = NetworkService.swift; sourceTree = "<group>"; };
		63CFD6102D538FEE004A497F /* HTTPDataDownloader.swift */ = {isa = PBXFileReference; lastKnownFileType = sourcecode.swift; path = HTTPDataDownloader.swift; sourceTree = "<group>"; };
		63CFD6122D53997B004A497F /* MainSearchPresenter.swift */ = {isa = PBXFileReference; lastKnownFileType = sourcecode.swift; path = MainSearchPresenter.swift; sourceTree = "<group>"; };
/* End PBXFileReference section */

/* Begin PBXFrameworksBuildPhase section */
		63CFD5DE2D535D98004A497F /* Frameworks */ = {
			isa = PBXFrameworksBuildPhase;
			buildActionMask = 2147483647;
			files = (
			);
			runOnlyForDeploymentPostprocessing = 0;
		};
/* End PBXFrameworksBuildPhase section */

/* Begin PBXGroup section */
		63CFD5D82D535D98004A497F = {
			isa = PBXGroup;
			children = (
				63CFD5E32D535D98004A497F /* UnsplashPics */,
				63CFD5E22D535D98004A497F /* Products */,
			);
			sourceTree = "<group>";
		};
		63CFD5E22D535D98004A497F /* Products */ = {
			isa = PBXGroup;
			children = (
				63CFD5E12D535D98004A497F /* UnsplashPics.app */,
			);
			name = Products;
			sourceTree = "<group>";
		};
		63CFD5E32D535D98004A497F /* UnsplashPics */ = {
			isa = PBXGroup;
			children = (
				63CFD60E2D538FBE004A497F /* Shared */,
				63CFD60B2D538EC3004A497F /* Services */,
				63CFD6002D5364BD004A497F /* UIComponents */,
				63CFD5FF2D5364B6004A497F /* Utils */,
				63CFD5F82D535FA7004A497F /* App */,
				63CFD5FA2D536161004A497F /* Assets */,
				63CFD5F92D536158004A497F /* Modules */,
			);
			path = UnsplashPics;
			sourceTree = "<group>";
		};
		63CFD5F82D535FA7004A497F /* App */ = {
			isa = PBXGroup;
			children = (
				63CFD5E62D535D98004A497F /* SceneDelegate.swift */,
				63CFD5E42D535D98004A497F /* AppDelegate.swift */,
				63CFD5F22D535D9E004A497F /* Info.plist */,
			);
			path = App;
			sourceTree = "<group>";
		};
		63CFD5F92D536158004A497F /* Modules */ = {
			isa = PBXGroup;
			children = (
				63CFD5FB2D53616D004A497F /* MainSearch */,
			);
			path = Modules;
			sourceTree = "<group>";
		};
		63CFD5FA2D536161004A497F /* Assets */ = {
			isa = PBXGroup;
			children = (
				63CFD5ED2D535D9E004A497F /* Assets.xcassets */,
				63CFD5EF2D535D9E004A497F /* LaunchScreen.storyboard */,
			);
			path = Assets;
			sourceTree = "<group>";
		};
		63CFD5FB2D53616D004A497F /* MainSearch */ = {
			isa = PBXGroup;
			children = (
				63CFD5FE2D536202004A497F /* Presenter */,
				63CFD5FD2D5361FF004A497F /* Model */,
				63CFD5FC2D5361FC004A497F /* View */,
			);
			path = MainSearch;
			sourceTree = "<group>";
		};
		63CFD5FC2D5361FC004A497F /* View */ = {
			isa = PBXGroup;
			children = (
				63CFD5E82D535D98004A497F /* MainSearchViewController.swift */,
			);
			path = View;
			sourceTree = "<group>";
		};
		63CFD5FD2D5361FF004A497F /* Model */ = {
			isa = PBXGroup;
			children = (
				63CFD6092D5385CE004A497F /* Picture.swift */,
			);
			path = Model;
			sourceTree = "<group>";
		};
		63CFD5FE2D536202004A497F /* Presenter */ = {
			isa = PBXGroup;
			children = (
				63CFD6122D53997B004A497F /* MainSearchPresenter.swift */,
			);
			path = Presenter;
			sourceTree = "<group>";
		};
		63CFD5FF2D5364B6004A497F /* Utils */ = {
			isa = PBXGroup;
			children = (
				63CFD6032D5364F2004A497F /* Extensions */,
				63CFD6012D5364ED004A497F /* AppColors.swift */,
				63CFD6052D536508004A497F /* AppError.swift */,
			);
			path = Utils;
			sourceTree = "<group>";
		};
		63CFD6002D5364BD004A497F /* UIComponents */ = {
			isa = PBXGroup;
			children = (
				63CFD6072D5371F1004A497F /* SuggestionTextField.swift */,
			);
			path = UIComponents;
			sourceTree = "<group>";
		};
		63CFD6032D5364F2004A497F /* Extensions */ = {
			isa = PBXGroup;
			children = (
			);
			path = Extensions;
			sourceTree = "<group>";
		};
		63CFD60B2D538EC3004A497F /* Services */ = {
			isa = PBXGroup;
			children = (
				63CFD60C2D538ED4004A497F /* NetworkService.swift */,
			);
			path = Services;
			sourceTree = "<group>";
		};
		63CFD60E2D538FBE004A497F /* Shared */ = {
			isa = PBXGroup;
			children = (
				63CFD60F2D538FCF004A497F /* API */,
			);
			path = Shared;
			sourceTree = "<group>";
		};
		63CFD60F2D538FCF004A497F /* API */ = {
			isa = PBXGroup;
			children = (
				63CFD6102D538FEE004A497F /* HTTPDataDownloader.swift */,
			);
			path = API;
			sourceTree = "<group>";
		};
/* End PBXGroup section */

/* Begin PBXNativeTarget section */
		63CFD5E02D535D98004A497F /* UnsplashPics */ = {
			isa = PBXNativeTarget;
			buildConfigurationList = 63CFD5F52D535D9E004A497F /* Build configuration list for PBXNativeTarget "UnsplashPics" */;
			buildPhases = (
				63CFD5DD2D535D98004A497F /* Sources */,
				63CFD5DE2D535D98004A497F /* Frameworks */,
				63CFD5DF2D535D98004A497F /* Resources */,
			);
			buildRules = (
			);
			dependencies = (
			);
			name = UnsplashPics;
			productName = UnsplashPics;
			productReference = 63CFD5E12D535D98004A497F /* UnsplashPics.app */;
			productType = "com.apple.product-type.application";
		};
/* End PBXNativeTarget section */

/* Begin PBXProject section */
		63CFD5D92D535D98004A497F /* Project object */ = {
			isa = PBXProject;
			attributes = {
				BuildIndependentTargetsInParallel = 1;
				LastSwiftUpdateCheck = 1540;
				LastUpgradeCheck = 1540;
				TargetAttributes = {
					63CFD5E02D535D98004A497F = {
						CreatedOnToolsVersion = 15.4;
					};
				};
			};
			buildConfigurationList = 63CFD5DC2D535D98004A497F /* Build configuration list for PBXProject "UnsplashPics" */;
			compatibilityVersion = "Xcode 14.0";
			developmentRegion = en;
			hasScannedForEncodings = 0;
			knownRegions = (
				en,
				Base,
			);
			mainGroup = 63CFD5D82D535D98004A497F;
			productRefGroup = 63CFD5E22D535D98004A497F /* Products */;
			projectDirPath = "";
			projectRoot = "";
			targets = (
				63CFD5E02D535D98004A497F /* UnsplashPics */,
			);
		};
/* End PBXProject section */

/* Begin PBXResourcesBuildPhase section */
		63CFD5DF2D535D98004A497F /* Resources */ = {
			isa = PBXResourcesBuildPhase;
			buildActionMask = 2147483647;
			files = (
				63CFD5EE2D535D9E004A497F /* Assets.xcassets in Resources */,
				63CFD5F12D535D9E004A497F /* Base in Resources */,
			);
			runOnlyForDeploymentPostprocessing = 0;
		};
/* End PBXResourcesBuildPhase section */

/* Begin PBXSourcesBuildPhase section */
		63CFD5DD2D535D98004A497F /* Sources */ = {
			isa = PBXSourcesBuildPhase;
			buildActionMask = 2147483647;
			files = (
				63CFD5E92D535D98004A497F /* MainSearchViewController.swift in Sources */,
				63CFD6082D5371F1004A497F /* SuggestionTextField.swift in Sources */,
				63CFD60D2D538ED4004A497F /* NetworkService.swift in Sources */,
				63CFD6022D5364ED004A497F /* AppColors.swift in Sources */,
				63CFD6062D536508004A497F /* AppError.swift in Sources */,
				63CFD60A2D5385CE004A497F /* Picture.swift in Sources */,
				63CFD5E52D535D98004A497F /* AppDelegate.swift in Sources */,
				63CFD6132D53997B004A497F /* MainSearchPresenter.swift in Sources */,
				63CFD6112D538FEE004A497F /* HTTPDataDownloader.swift in Sources */,
				63CFD5E72D535D98004A497F /* SceneDelegate.swift in Sources */,
			);
			runOnlyForDeploymentPostprocessing = 0;
		};
/* End PBXSourcesBuildPhase section */

/* Begin PBXVariantGroup section */
		63CFD5EF2D535D9E004A497F /* LaunchScreen.storyboard */ = {
			isa = PBXVariantGroup;
			children = (
				63CFD5F02D535D9E004A497F /* Base */,
			);
			name = LaunchScreen.storyboard;
			sourceTree = "<group>";
		};
/* End PBXVariantGroup section */

/* Begin XCBuildConfiguration section */
		63CFD5F32D535D9E004A497F /* Debug */ = {
			isa = XCBuildConfiguration;
			buildSettings = {
				ALWAYS_SEARCH_USER_PATHS = NO;
				ASSETCATALOG_COMPILER_GENERATE_SWIFT_ASSET_SYMBOL_EXTENSIONS = YES;
				CLANG_ANALYZER_NONNULL = YES;
				CLANG_ANALYZER_NUMBER_OBJECT_CONVERSION = YES_AGGRESSIVE;
				CLANG_CXX_LANGUAGE_STANDARD = "gnu++20";
				CLANG_ENABLE_MODULES = YES;
				CLANG_ENABLE_OBJC_ARC = YES;
				CLANG_ENABLE_OBJC_WEAK = YES;
				CLANG_WARN_BLOCK_CAPTURE_AUTORELEASING = YES;
				CLANG_WARN_BOOL_CONVERSION = YES;
				CLANG_WARN_COMMA = YES;
				CLANG_WARN_CONSTANT_CONVERSION = YES;
				CLANG_WARN_DEPRECATED_OBJC_IMPLEMENTATIONS = YES;
				CLANG_WARN_DIRECT_OBJC_ISA_USAGE = YES_ERROR;
				CLANG_WARN_DOCUMENTATION_COMMENTS = YES;
				CLANG_WARN_EMPTY_BODY = YES;
				CLANG_WARN_ENUM_CONVERSION = YES;
				CLANG_WARN_INFINITE_RECURSION = YES;
				CLANG_WARN_INT_CONVERSION = YES;
				CLANG_WARN_NON_LITERAL_NULL_CONVERSION = YES;
				CLANG_WARN_OBJC_IMPLICIT_RETAIN_SELF = YES;
				CLANG_WARN_OBJC_LITERAL_CONVERSION = YES;
				CLANG_WARN_OBJC_ROOT_CLASS = YES_ERROR;
				CLANG_WARN_QUOTED_INCLUDE_IN_FRAMEWORK_HEADER = YES;
				CLANG_WARN_RANGE_LOOP_ANALYSIS = YES;
				CLANG_WARN_STRICT_PROTOTYPES = YES;
				CLANG_WARN_SUSPICIOUS_MOVE = YES;
				CLANG_WARN_UNGUARDED_AVAILABILITY = YES_AGGRESSIVE;
				CLANG_WARN_UNREACHABLE_CODE = YES;
				CLANG_WARN__DUPLICATE_METHOD_MATCH = YES;
				COPY_PHASE_STRIP = NO;
				DEBUG_INFORMATION_FORMAT = dwarf;
				ENABLE_STRICT_OBJC_MSGSEND = YES;
				ENABLE_TESTABILITY = YES;
				ENABLE_USER_SCRIPT_SANDBOXING = YES;
				GCC_C_LANGUAGE_STANDARD = gnu17;
				GCC_DYNAMIC_NO_PIC = NO;
				GCC_NO_COMMON_BLOCKS = YES;
				GCC_OPTIMIZATION_LEVEL = 0;
				GCC_PREPROCESSOR_DEFINITIONS = (
					"DEBUG=1",
					"$(inherited)",
				);
				GCC_WARN_64_TO_32_BIT_CONVERSION = YES;
				GCC_WARN_ABOUT_RETURN_TYPE = YES_ERROR;
				GCC_WARN_UNDECLARED_SELECTOR = YES;
				GCC_WARN_UNINITIALIZED_AUTOS = YES_AGGRESSIVE;
				GCC_WARN_UNUSED_FUNCTION = YES;
				GCC_WARN_UNUSED_VARIABLE = YES;
				IPHONEOS_DEPLOYMENT_TARGET = 17.5;
				LOCALIZATION_PREFERS_STRING_CATALOGS = YES;
				MTL_ENABLE_DEBUG_INFO = INCLUDE_SOURCE;
				MTL_FAST_MATH = YES;
				ONLY_ACTIVE_ARCH = YES;
				SDKROOT = iphoneos;
				SWIFT_ACTIVE_COMPILATION_CONDITIONS = "DEBUG $(inherited)";
				SWIFT_OPTIMIZATION_LEVEL = "-Onone";
			};
			name = Debug;
		};
		63CFD5F42D535D9E004A497F /* Release */ = {
			isa = XCBuildConfiguration;
			buildSettings = {
				ALWAYS_SEARCH_USER_PATHS = NO;
				ASSETCATALOG_COMPILER_GENERATE_SWIFT_ASSET_SYMBOL_EXTENSIONS = YES;
				CLANG_ANALYZER_NONNULL = YES;
				CLANG_ANALYZER_NUMBER_OBJECT_CONVERSION = YES_AGGRESSIVE;
				CLANG_CXX_LANGUAGE_STANDARD = "gnu++20";
				CLANG_ENABLE_MODULES = YES;
				CLANG_ENABLE_OBJC_ARC = YES;
				CLANG_ENABLE_OBJC_WEAK = YES;
				CLANG_WARN_BLOCK_CAPTURE_AUTORELEASING = YES;
				CLANG_WARN_BOOL_CONVERSION = YES;
				CLANG_WARN_COMMA = YES;
				CLANG_WARN_CONSTANT_CONVERSION = YES;
				CLANG_WARN_DEPRECATED_OBJC_IMPLEMENTATIONS = YES;
				CLANG_WARN_DIRECT_OBJC_ISA_USAGE = YES_ERROR;
				CLANG_WARN_DOCUMENTATION_COMMENTS = YES;
				CLANG_WARN_EMPTY_BODY = YES;
				CLANG_WARN_ENUM_CONVERSION = YES;
				CLANG_WARN_INFINITE_RECURSION = YES;
				CLANG_WARN_INT_CONVERSION = YES;
				CLANG_WARN_NON_LITERAL_NULL_CONVERSION = YES;
				CLANG_WARN_OBJC_IMPLICIT_RETAIN_SELF = YES;
				CLANG_WARN_OBJC_LITERAL_CONVERSION = YES;
				CLANG_WARN_OBJC_ROOT_CLASS = YES_ERROR;
				CLANG_WARN_QUOTED_INCLUDE_IN_FRAMEWORK_HEADER = YES;
				CLANG_WARN_RANGE_LOOP_ANALYSIS = YES;
				CLANG_WARN_STRICT_PROTOTYPES = YES;
				CLANG_WARN_SUSPICIOUS_MOVE = YES;
				CLANG_WARN_UNGUARDED_AVAILABILITY = YES_AGGRESSIVE;
				CLANG_WARN_UNREACHABLE_CODE = YES;
				CLANG_WARN__DUPLICATE_METHOD_MATCH = YES;
				COPY_PHASE_STRIP = NO;
				DEBUG_INFORMATION_FORMAT = "dwarf-with-dsym";
				ENABLE_NS_ASSERTIONS = NO;
				ENABLE_STRICT_OBJC_MSGSEND = YES;
				ENABLE_USER_SCRIPT_SANDBOXING = YES;
				GCC_C_LANGUAGE_STANDARD = gnu17;
				GCC_NO_COMMON_BLOCKS = YES;
				GCC_WARN_64_TO_32_BIT_CONVERSION = YES;
				GCC_WARN_ABOUT_RETURN_TYPE = YES_ERROR;
				GCC_WARN_UNDECLARED_SELECTOR = YES;
				GCC_WARN_UNINITIALIZED_AUTOS = YES_AGGRESSIVE;
				GCC_WARN_UNUSED_FUNCTION = YES;
				GCC_WARN_UNUSED_VARIABLE = YES;
				IPHONEOS_DEPLOYMENT_TARGET = 17.5;
				LOCALIZATION_PREFERS_STRING_CATALOGS = YES;
				MTL_ENABLE_DEBUG_INFO = NO;
				MTL_FAST_MATH = YES;
				SDKROOT = iphoneos;
				SWIFT_COMPILATION_MODE = wholemodule;
				VALIDATE_PRODUCT = YES;
			};
			name = Release;
		};
		63CFD5F62D535D9E004A497F /* Debug */ = {
			isa = XCBuildConfiguration;
			buildSettings = {
				ASSETCATALOG_COMPILER_APPICON_NAME = AppIcon;
				ASSETCATALOG_COMPILER_GLOBAL_ACCENT_COLOR_NAME = AccentColor;
				CODE_SIGN_STYLE = Automatic;
				CURRENT_PROJECT_VERSION = 1;
				DEVELOPMENT_TEAM = PD2G628U2J;
				GENERATE_INFOPLIST_FILE = YES;
				INFOPLIST_FILE = UnsplashPics/App/Info.plist;
				INFOPLIST_KEY_UIApplicationSupportsIndirectInputEvents = YES;
				INFOPLIST_KEY_UILaunchStoryboardName = LaunchScreen;
				INFOPLIST_KEY_UISupportedInterfaceOrientations_iPad = "UIInterfaceOrientationPortrait UIInterfaceOrientationPortraitUpsideDown UIInterfaceOrientationLandscapeLeft UIInterfaceOrientationLandscapeRight";
				INFOPLIST_KEY_UISupportedInterfaceOrientations_iPhone = "UIInterfaceOrientationPortrait UIInterfaceOrientationLandscapeLeft UIInterfaceOrientationLandscapeRight";
				IPHONEOS_DEPLOYMENT_TARGET = 15.0;
				LD_RUNPATH_SEARCH_PATHS = (
					"$(inherited)",
					"@executable_path/Frameworks",
				);
				MARKETING_VERSION = 1.0;
				PRODUCT_BUNDLE_IDENTIFIER = com.egor.UnsplashPics;
				PRODUCT_NAME = "$(TARGET_NAME)";
				SUPPORTED_PLATFORMS = "iphoneos iphonesimulator";
				SUPPORTS_MACCATALYST = NO;
				SUPPORTS_MAC_DESIGNED_FOR_IPHONE_IPAD = NO;
				SUPPORTS_XR_DESIGNED_FOR_IPHONE_IPAD = NO;
				SWIFT_EMIT_LOC_STRINGS = YES;
				SWIFT_VERSION = 5.0;
				TARGETED_DEVICE_FAMILY = 1;
			};
			name = Debug;
		};
		63CFD5F72D535D9E004A497F /* Release */ = {
			isa = XCBuildConfiguration;
			buildSettings = {
				ASSETCATALOG_COMPILER_APPICON_NAME = AppIcon;
				ASSETCATALOG_COMPILER_GLOBAL_ACCENT_COLOR_NAME = AccentColor;
				CODE_SIGN_STYLE = Automatic;
				CURRENT_PROJECT_VERSION = 1;
				DEVELOPMENT_TEAM = PD2G628U2J;
				GENERATE_INFOPLIST_FILE = YES;
				INFOPLIST_FILE = UnsplashPics/App/Info.plist;
				INFOPLIST_KEY_UIApplicationSupportsIndirectInputEvents = YES;
				INFOPLIST_KEY_UILaunchStoryboardName = LaunchScreen;
				INFOPLIST_KEY_UISupportedInterfaceOrientations_iPad = "UIInterfaceOrientationPortrait UIInterfaceOrientationPortraitUpsideDown UIInterfaceOrientationLandscapeLeft UIInterfaceOrientationLandscapeRight";
				INFOPLIST_KEY_UISupportedInterfaceOrientations_iPhone = "UIInterfaceOrientationPortrait UIInterfaceOrientationLandscapeLeft UIInterfaceOrientationLandscapeRight";
				IPHONEOS_DEPLOYMENT_TARGET = 15.0;
				LD_RUNPATH_SEARCH_PATHS = (
					"$(inherited)",
					"@executable_path/Frameworks",
				);
				MARKETING_VERSION = 1.0;
				PRODUCT_BUNDLE_IDENTIFIER = com.egor.UnsplashPics;
				PRODUCT_NAME = "$(TARGET_NAME)";
				SUPPORTED_PLATFORMS = "iphoneos iphonesimulator";
				SUPPORTS_MACCATALYST = NO;
				SUPPORTS_MAC_DESIGNED_FOR_IPHONE_IPAD = NO;
				SUPPORTS_XR_DESIGNED_FOR_IPHONE_IPAD = NO;
				SWIFT_EMIT_LOC_STRINGS = YES;
				SWIFT_VERSION = 5.0;
				TARGETED_DEVICE_FAMILY = 1;
			};
			name = Release;
		};
/* End XCBuildConfiguration section */

/* Begin XCConfigurationList section */
		63CFD5DC2D535D98004A497F /* Build configuration list for PBXProject "UnsplashPics" */ = {
			isa = XCConfigurationList;
			buildConfigurations = (
				63CFD5F32D535D9E004A497F /* Debug */,
				63CFD5F42D535D9E004A497F /* Release */,
			);
			defaultConfigurationIsVisible = 0;
			defaultConfigurationName = Release;
		};
		63CFD5F52D535D9E004A497F /* Build configuration list for PBXNativeTarget "UnsplashPics" */ = {
			isa = XCConfigurationList;
			buildConfigurations = (
				63CFD5F62D535D9E004A497F /* Debug */,
				63CFD5F72D535D9E004A497F /* Release */,
			);
			defaultConfigurationIsVisible = 0;
			defaultConfigurationName = Release;
		};
/* End XCConfigurationList section */
	};
	rootObject = 63CFD5D92D535D98004A497F /* Project object */;
}
