{
  "originHash" : "7985f09ab539f47cabd4db32773f68a12b3eb21bfae7670a9eff661a05797031",
  "pins" : [
    {
      "identity" : "skeletonview",
      "kind" : "remoteSourceControl",
      "location" : "https://github.com/Juanpe/SkeletonView.git",
      "state" : {
        "revision" : "2f5274827d310e32c09325dd3e0007120940988e",
        "version" : "1.31.0"
      }
    },
    {
      "identity" : "snapkit",
      "kind" : "remoteSourceControl",
      "location" : "https://github.com/SnapKit/SnapKit.git",
      "state" : {
        "revision" : "2842e6e84e82eb9a8dac0100ca90d9444b0307f4",
        "version" : "5.7.1"
      }
    }
  ],
  "version" : 3
}
